schema: '2.0'
stages:
  data_injestion:
    cmd: python SRC/data_injestion.py
    deps:
    - path: SRC/data_injestion.py
      hash: md5
      md5: 71b4dc83ed8abc256c19e98a90db3ccc
      size: 2881
    outs:
    - path: data/raw
      hash: md5
      md5: 1a287d34dc172d9f950c03dae35f7e73.dir
      size: 484846
      nfiles: 2
  data_preprocessing:
    cmd: python SRC/data_preprocessing.py
    deps:
    - path: SRC/data_preprocessing.py
      hash: md5
      md5: e186ed54b335dfea608524f102e1acd6
      size: 3887
    - path: data/raw
      hash: md5
      md5: 1a287d34dc172d9f950c03dae35f7e73.dir
      size: 484846
      nfiles: 2
    outs:
    - path: data/interim
      hash: md5
      md5: d99be5cb2b019d747166f90739fa6d08.dir
      size: 260073
      nfiles: 2
  feature_engineering:
    cmd: python SRC/feature_engineering.py
    deps:
    - path: SRC/feature_engineering.py
      hash: md5
      md5: 20d82121c786990b105f1222c200d608
      size: 3227
    - path: data/interim
      hash: md5
      md5: d99be5cb2b019d747166f90739fa6d08.dir
      size: 260073
      nfiles: 2
    outs:
    - path: data/processed
      hash: md5
      md5: 75e218e1ef3eca0fbee7bf147502a2e7.dir
      size: 1179996
      nfiles: 2
  model_building:
    cmd: python SRC/model_building.py
    deps:
    - path: SRC/model_building.py
      hash: md5
      md5: a053d93f69c9dfd03944d2e88f2cebe8
      size: 3466
    - path: data/processed
      hash: md5
      md5: 75e218e1ef3eca0fbee7bf147502a2e7.dir
      size: 1179996
      nfiles: 2
    outs:
    - path: models/model.pkl
      hash: md5
      md5: 37ede27c2f88bd722f9c83a10948d430
      size: 998455
  model_evaluation:
    cmd: python SRC/model_evaluation.py
    deps:
    - path: SRC/model_evaluation.py
      hash: md5
      md5: 156194c07dc822b2d20450d9bd280a18
      size: 3621
    - path: models/model.pkl
      hash: md5
      md5: 37ede27c2f88bd722f9c83a10948d430
      size: 998455
    outs:
    - path: reports/metrics.json
      hash: md5
      md5: eac6afc8901064a391e7366797af3727
      size: 145
