schema: '2.0'
stages:
  data_injestion:
    cmd: python SRC/data_injestion.py
    deps:
    - path: SRC/data_injestion.py
      hash: md5
      md5: 5b236b0a6f09abcd545c26e3eb211772
      size: 3556
    params:
      params.yaml:
        data_injestion.test_size: 0.15
    outs:
    - path: data/raw
      hash: md5
      md5: a15ba66afdf82f8659b031b175286ed3.dir
      size: 484846
      nfiles: 2
  data_preprocessing:
    cmd: python SRC/data_preprocessing.py
    deps:
    - path: SRC/data_preprocessing.py
      hash: md5
      md5: e186ed54b335dfea608524f102e1acd6
      size: 3887
    - path: data/raw
      hash: md5
      md5: a15ba66afdf82f8659b031b175286ed3.dir
      size: 484846
      nfiles: 2
    outs:
    - path: data/interim
      hash: md5
      md5: 60a6fff4e80508df65a68e383fa2725e.dir
      size: 259164
      nfiles: 2
  feature_engineering:
    cmd: python SRC/feature_engineering.py
    deps:
    - path: SRC/feature_engineering.py
      hash: md5
      md5: 3f314880d031002a6390a85129a77faf
      size: 3919
    - path: data/interim
      hash: md5
      md5: 60a6fff4e80508df65a68e383fa2725e.dir
      size: 259164
      nfiles: 2
    params:
      params.yaml:
        feature_engineering.max_features: 45
    outs:
    - path: data/processed
      hash: md5
      md5: a4c66ee04e598616a0efc0acc0f748d2.dir
      size: 1063201
      nfiles: 2
  model_building:
    cmd: python SRC/model_building.py
    deps:
    - path: SRC/model_building.py
      hash: md5
      md5: de577d90febfe5b561f9ee220d038b46
      size: 4101
    - path: data/processed
      hash: md5
      md5: a4c66ee04e598616a0efc0acc0f748d2.dir
      size: 1063201
      nfiles: 2
    params:
      params.yaml:
        model_building.n_estimators: 25
        model_building.random_state: 2
    outs:
    - path: models/model.pkl
      hash: md5
      md5: b00dbaf5d5f23a3dcf413609aa828b16
      size: 984055
  model_evaluation:
    cmd: python SRC/model_evaluation.py
    deps:
    - path: SRC/model_evaluation.py
      hash: md5
      md5: 156194c07dc822b2d20450d9bd280a18
      size: 3621
    - path: models/model.pkl
      hash: md5
      md5: b00dbaf5d5f23a3dcf413609aa828b16
      size: 984055
    outs:
    - path: reports/metrics.json
      hash: md5
      md5: 80e4570e93b59a9136404b1f9ea4dce2
      size: 145
